
Microsoft Visual Studio Solution File, Format Version 12.00
# Visual Studio 2013
VisualStudioVersion = 12.0.21005.1
MinimumVisualStudioVersion = 10.0.40219.1
Project("{FAE04EC0-301F-11D3-BF4B-00C04F79EFBC}") = "SevenChat", "SevenChat\SevenChat.csproj", "{AE86C43D-3BDB-4EFF-B7DA-3F8282EA33AD}"
EndProject
Global
	GlobalSection(SolutionConfigurationPlatforms) = preSolution
		Debug|Any CPU = Debug|Any CPU
		Release|Any CPU = Release|Any CPU
	EndGlobalSection
	GlobalSection(ProjectConfigurationPlatforms) = postSolution
		{AE86C43D-3BDB-4EFF-B7DA-3F8282EA33AD}.Debug|Any CPU.ActiveCfg = Debug|Any CPU
		{AE86C43D-3BDB-4EFF-B7DA-3F8282EA33AD}.Debug|Any CPU.Build.0 = Debug|Any CPU
		{AE86C43D-3BDB-4EFF-B7DA-3F8282EA33AD}.Release|Any CPU.ActiveCfg = Release|Any CPU
		{AE86C43D-3BDB-4EFF-B7DA-3F8282EA33AD}.Release|Any CPU.Build.0 = Release|Any CPU
	EndGlobalSection
	GlobalSection(SolutionProperties) = preSolution
		HideSolutionNode = FALSE
	EndGlobalSection
EndGlobal
